// !$*UTF8*$!
{
	archiveVersion = 1;
	classes = {
	};
	objectVersion = 46;
	objects = {

/* Begin PBXBuildFile section */
		6BB897BD1DD59D5B001601EA /* main.m in Sources */ = {isa = PBXBuildFile; fileRef = 6BB897BC1DD59D5B001601EA /* main.m */; };
		6BB897C51DD59D84001601EA /* AxisBank.m in Sources */ = {isa = PBXBuildFile; fileRef = 6BB897C41DD59D84001601EA /* AxisBank.m */; };
/* End PBXBuildFile section */

/* Begin PBXCopyFilesBuildPhase section */
		6BB897B71DD59D5B001601EA /* CopyFiles */ = {
			isa = PBXCopyFilesBuildPhase;
			buildActionMask = 2147483647;
			dstPath = /usr/share/man/man1/;
			dstSubfolderSpec = 0;
			files = (
			);
			runOnlyForDeploymentPostprocessing = 1;
		};
/* End PBXCopyFilesBuildPhase section */

/* Begin PBXFileReference section */
		6BB897B91DD59D5B001601EA /* RPBank */ = {isa = PBXFileReference; explicitFileType = "compiled.mach-o.executable"; includeInIndex = 0; path = RPBank; sourceTree = BUILT_PRODUCTS_DIR; };
		6BB897BC1DD59D5B001601EA /* main.m */ = {isa = PBXFileReference; lastKnownFileType = sourcecode.c.objc; path = main.m; sourceTree = "<group>"; };
		6BB897C31DD59D84001601EA /* AxisBank.h */ = {isa = PBXFileReference; fileEncoding = 4; lastKnownFileType = sourcecode.c.h; path = AxisBank.h; sourceTree = "<group>"; };
		6BB897C41DD59D84001601EA /* AxisBank.m */ = {isa = PBXFileReference; fileEncoding = 4; lastKnownFileType = sourcecode.c.objc; path = AxisBank.m; sourceTree = "<group>"; };
		6BB897C61DD59DA9001601EA /* BankDelegate.h */ = {isa = PBXFileReference; fileEncoding = 4; lastKnownFileType = sourcecode.c.h; name = BankDelegate.h; path = ../BankDelegate.h; sourceTree = "<group>"; };
		6BB897C81DD5A9F1001601EA /* AxisBank_BankExtension.h */ = {isa = PBXFileReference; fileEncoding = 4; lastKnownFileType = sourcecode.c.h; name = AxisBank_BankExtension.h; path = ../AxisBank_BankExtension.h; sourceTree = "<group>"; };
/* End PBXFileReference section */

/* Begin PBXFrameworksBuildPhase section */
		6BB897B61DD59D5B001601EA /* Frameworks */ = {
			isa = PBXFrameworksBuildPhase;
			buildActionMask = 2147483647;
			files = (
			);
			runOnlyForDeploymentPostprocessing = 0;
		};
/* End PBXFrameworksBuildPhase section */

/* Begin PBXGroup section */
		6BB897B01DD59D5B001601EA = {
			isa = PBXGroup;
			children = (
				6BB897BB1DD59D5B001601EA /* RPBank */,
				6BB897BA1DD59D5B001601EA /* Products */,
			);
			sourceTree = "<group>";
		};
		6BB897BA1DD59D5B001601EA /* Products */ = {
			isa = PBXGroup;
			children = (
				6BB897B91DD59D5B001601EA /* RPBank */,
			);
			name = Products;
			sourceTree = "<group>";
		};
		6BB897BB1DD59D5B001601EA /* RPBank */ = {
			isa = PBXGroup;
			children = (
				6BB897BC1DD59D5B001601EA /* main.m */,
				6BB897C61DD59DA9001601EA /* BankDelegate.h */,
				6BB897C31DD59D84001601EA /* AxisBank.h */,
				6BB897C41DD59D84001601EA /* AxisBank.m */,
				6BB897C81DD5A9F1001601EA /* AxisBank_BankExtension.h */,
			);
			path = RPBank;
			sourceTree = "<group>";
		};
/* End PBXGroup section */

/* Begin PBXNativeTarget section */
		6BB897B81DD59D5B001601EA /* RPBank */ = {
			isa = PBXNativeTarget;
			buildConfigurationList = 6BB897C01DD59D5B001601EA /* Build configuration list for PBXNativeTarget "RPBank" */;
			buildPhases = (
				6BB897B51DD59D5B001601EA /* Sources */,
				6BB897B61DD59D5B001601EA /* Frameworks */,
				6BB897B71DD59D5B001601EA /* CopyFiles */,
			);
			buildRules = (
			);
			dependencies = (
			);
			name = RPBank;
			productName = RPBank;
			productReference = 6BB897B91DD59D5B001601EA /* RPBank */;
			productType = "com.apple.product-type.tool";
		};
/* End PBXNativeTarget section */

/* Begin PBXProject section */
		6BB897B11DD59D5B001601EA /* Project object */ = {
			isa = PBXProject;
			attributes = {
				LastUpgradeCheck = 0730;
				ORGANIZATIONNAME = "Rupali Pakale";
				TargetAttributes = {
					6BB897B81DD59D5B001601EA = {
						CreatedOnToolsVersion = 7.3.1;
					};
				};
			};
			buildConfigurationList = 6BB897B41DD59D5B001601EA /* Build configuration list for PBXProject "RPBank" */;
			compatibilityVersion = "Xcode 3.2";
			developmentRegion = English;
			hasScannedForEncodings = 0;
			knownRegions = (
				en,
			);
			mainGroup = 6BB897B01DD59D5B001601EA;
			productRefGroup = 6BB897BA1DD59D5B001601EA /* Products */;
			projectDirPath = "";
			projectRoot = "";
			targets = (
				6BB897B81DD59D5B001601EA /* RPBank */,
			);
		};
/* End PBXProject section */

/* Begin PBXSourcesBuildPhase section */
		6BB897B51DD59D5B001601EA /* Sources */ = {
			isa = PBXSourcesBuildPhase;
			buildActionMask = 2147483647;
			files = (
				6BB897C51DD59D84001601EA /* AxisBank.m in Sources */,
				6BB897BD1DD59D5B001601EA /* main.m in Sources */,
			);
			runOnlyForDeploymentPostprocessing = 0;
		};
/* End PBXSourcesBuildPhase section */

/* Begin XCBuildConfiguration section */
		6BB897BE1DD59D5B001601EA /* Debug */ = {
			isa = XCBuildConfiguration;
			buildSettings = {
				ALWAYS_SEARCH_USER_PATHS = NO;
				CLANG_ANALYZER_NONNULL = YES;
				CLANG_CXX_LANGUAGE_STANDARD = "gnu++0x";
				CLANG_CXX_LIBRARY = "libc++";
				CLANG_ENABLE_MODULES = YES;
				CLANG_ENABLE_OBJC_ARC = YES;
				CLANG_WARN_BOOL_CONVERSION = YES;
				CLANG_WARN_CONSTANT_CONVERSION = YES;
				CLANG_WARN_DIRECT_OBJC_ISA_USAGE = YES_ERROR;
				CLANG_WARN_EMPTY_BODY = YES;
				CLANG_WARN_ENUM_CONVERSION = YES;
				CLANG_WARN_INT_CONVERSION = YES;
				CLANG_WARN_OBJC_ROOT_CLASS = YES_ERROR;
				CLANG_WARN_UNREACHABLE_CODE = YES;
				CLANG_WARN__DUPLICATE_METHOD_MATCH = YES;
				CODE_SIGN_IDENTITY = "-";
				COPY_PHASE_STRIP = NO;
				DEBUG_INFORMATION_FORMAT = dwarf;
				ENABLE_STRICT_OBJC_MSGSEND = YES;
				ENABLE_TESTABILITY = YES;
				GCC_C_LANGUAGE_STANDARD = gnu99;
				GCC_DYNAMIC_NO_PIC = NO;
				GCC_NO_COMMON_BLOCKS = YES;
				GCC_OPTIMIZATION_LEVEL = 0;
				GCC_PREPROCESSOR_DEFINITIONS = (
					"DEBUG=1",
					"$(inherited)",
				);
				GCC_WARN_64_TO_32_BIT_CONVERSION = YES;
				GCC_WARN_ABOUT_RETURN_TYPE = YES_ERROR;
				GCC_WARN_UNDECLARED_SELECTOR = YES;
				GCC_WARN_UNINITIALIZED_AUTOS = YES_AGGRESSIVE;
				GCC_WARN_UNUSED_FUNCTION = YES;
				GCC_WARN_UNUSED_VARIABLE = YES;
				MACOSX_DEPLOYMENT_TARGET = 10.11;
				MTL_ENABLE_DEBUG_INFO = YES;
				ONLY_ACTIVE_ARCH = YES;
				SDKROOT = macosx;
			};
			name = Debug;
		};
		6BB897BF1DD59D5B001601EA /* Release */ = {
			isa = XCBuildConfiguration;
			buildSettings = {
				ALWAYS_SEARCH_USER_PATHS = NO;
				CLANG_ANALYZER_NONNULL = YES;
				CLANG_CXX_LANGUAGE_STANDARD = "gnu++0x";
				CLANG_CXX_LIBRARY = "libc++";
				CLANG_ENABLE_MODULES = YES;
				CLANG_ENABLE_OBJC_ARC = YES;
				CLANG_WARN_BOOL_CONVERSION = YES;
				CLANG_WARN_CONSTANT_CONVERSION = YES;
				CLANG_WARN_DIRECT_OBJC_ISA_USAGE = YES_ERROR;
				CLANG_WARN_EMPTY_BODY = YES;
				CLANG_WARN_ENUM_CONVERSION = YES;
				CLANG_WARN_INT_CONVERSION = YES;
				CLANG_WARN_OBJC_ROOT_CLASS = YES_ERROR;
				CLANG_WARN_UNREACHABLE_CODE = YES;
				CLANG_WARN__DUPLICATE_METHOD_MATCH = YES;
				CODE_SIGN_IDENTITY = "-";
				COPY_PHASE_STRIP = NO;
				DEBUG_INFORMATION_FORMAT = "dwarf-with-dsym";
				ENABLE_NS_ASSERTIONS = NO;
				ENABLE_STRICT_OBJC_MSGSEND = YES;
				GCC_C_LANGUAGE_STANDARD = gnu99;
				GCC_NO_COMMON_BLOCKS = YES;
				GCC_WARN_64_TO_32_BIT_CONVERSION = YES;
				GCC_WARN_ABOUT_RETURN_TYPE = YES_ERROR;
				GCC_WARN_UNDECLARED_SELECTOR = YES;
				GCC_WARN_UNINITIALIZED_AUTOS = YES_AGGRESSIVE;
				GCC_WARN_UNUSED_FUNCTION = YES;
				GCC_WARN_UNUSED_VARIABLE = YES;
				MACOSX_DEPLOYMENT_TARGET = 10.11;
				MTL_ENABLE_DEBUG_INFO = NO;
				SDKROOT = macosx;
			};
			name = Release;
		};
		6BB897C11DD59D5B001601EA /* Debug */ = {
			isa = XCBuildConfiguration;
			buildSettings = {
				PRODUCT_NAME = "$(TARGET_NAME)";
			};
			name = Debug;
		};
		6BB897C21DD59D5B001601EA /* Release */ = {
			isa = XCBuildConfiguration;
			buildSettings = {
				PRODUCT_NAME = "$(TARGET_NAME)";
			};
			name = Release;
		};
/* End XCBuildConfiguration section */

/* Begin XCConfigurationList section */
		6BB897B41DD59D5B001601EA /* Build configuration list for PBXProject "RPBank" */ = {
			isa = XCConfigurationList;
			buildConfigurations = (
				6BB897BE1DD59D5B001601EA /* Debug */,
				6BB897BF1DD59D5B001601EA /* Release */,
			);
			defaultConfigurationIsVisible = 0;
			defaultConfigurationName = Release;
		};
		6BB897C01DD59D5B001601EA /* Build configuration list for PBXNativeTarget "RPBank" */ = {
			isa = XCConfigurationList;
			buildConfigurations = (
				6BB897C11DD59D5B001601EA /* Debug */,
				6BB897C21DD59D5B001601EA /* Release */,
			);
			defaultConfigurationIsVisible = 0;
		};
/* End XCConfigurationList section */
	};
	rootObject = 6BB897B11DD59D5B001601EA /* Project object */;
}
